
Microsoft Visual Studio Solution File, Format Version 12.00
# Visual Studio Version 17
VisualStudioVersion = 17.10.35027.167
MinimumVisualStudioVersion = 10.0.40219.1
Project("{FAE04EC0-301F-11D3-BF4B-00C04F79EFBC}") = "h", "h\h.csproj", "{D1DF0D95-1CDE-49D2-9D83-C72DB0A3AF3B}"
EndProject
Global
	GlobalSection(SolutionConfigurationPlatforms) = preSolution
		Debug|Any CPU = Debug|Any CPU
		Release|Any CPU = Release|Any CPU
	EndGlobalSection
	GlobalSection(ProjectConfigurationPlatforms) = postSolution
		{D1DF0D95-1CDE-49D2-9D83-C72DB0A3AF3B}.Debug|Any CPU.ActiveCfg = Debug|Any CPU
		{D1DF0D95-1CDE-49D2-9D83-C72DB0A3AF3B}.Debug|Any CPU.Build.0 = Debug|Any CPU
		{D1DF0D95-1CDE-49D2-9D83-C72DB0A3AF3B}.Release|Any CPU.ActiveCfg = Release|Any CPU
		{D1DF0D95-1CDE-49D2-9D83-C72DB0A3AF3B}.Release|Any CPU.Build.0 = Release|Any CPU
	EndGlobalSection
	GlobalSection(SolutionProperties) = preSolution
		HideSolutionNode = FALSE
	EndGlobalSection
	GlobalSection(ExtensibilityGlobals) = postSolution
		SolutionGuid = {B6B5112E-E116-4D73-8DED-61F37FD71A13}
	EndGlobalSection
EndGlobal
